{
  "name": "graphiti-openclaw-plugin",
  "version": "0.1.0",
  "lockfileVersion": 3,
  "requires": true,
  "packages": {
    "": {
      "name": "graphiti-openclaw-plugin",
      "version": "0.1.0",
      "license": "MIT",
      "devDependencies": {
        "typescript": "5.9.3"
      },
      "engines": {
        "node": ">=22",
        "openclaw": ">=2026.8.1"
      }
    },
    "node_modules/typescript": {
      "version": "5.9.3",
      "dev": true,
      "license": "Apache-2.0",
      "bin": {
        "tsc": "bin/tsc",
        "tsserver": "bin/tsserver"
      },
      "engines": {
        "node": ">=14.17"
      }
    }
  }
}
